// !$*UTF8*$!
{
	archiveVersion = 1;
	classes = {
	};
	objectVersion = 54;
	objects = {

/* Begin PBXBuildFile section */
		19EEA4603448987F8BEA9560 /* Pods_Encantus.framework in Frameworks */ = {isa = PBXBuildFile; fileRef = 979D95FC325A954FDA5C6089 /* Pods_Encantus.framework */; };
		4135D863268B6D2800A36CF5 /* UIView+extensions.swift in Sources */ = {isa = PBXBuildFile; fileRef = 4135D862268B6D2800A36CF5 /* UIView+extensions.swift */; };
		4156DC78268B7B7D00D83BA6 /* Song.swift in Sources */ = {isa = PBXBuildFile; fileRef = 4156DC77268B7B7D00D83BA6 /* Song.swift */; };
		4156DC7D268B7C3D00D83BA6 /* DataService.swift in Sources */ = {isa = PBXBuildFile; fileRef = 4156DC7C268B7C3D00D83BA6 /* DataService.swift */; };
		4156DC7F268B877B00D83BA6 /* SidhuSon.mp3 in Resources */ = {isa = PBXBuildFile; fileRef = 4156DC7E268B877B00D83BA6 /* SidhuSon.mp3 */; };
		4156DC81268B881C00D83BA6 /* PlayerVC.swift in Sources */ = {isa = PBXBuildFile; fileRef = 4156DC80268B881C00D83BA6 /* PlayerVC.swift */; };
		4156DC83268B9CC000D83BA6 /* Regret.mp3 in Resources */ = {isa = PBXBuildFile; fileRef = 4156DC82268B9CC000D83BA6 /* Regret.mp3 */; };
		4156DC85268B9D8E00D83BA6 /* GradientButton.swift in Sources */ = {isa = PBXBuildFile; fileRef = 4156DC84268B9D8E00D83BA6 /* GradientButton.swift */; };
		41CBDDD7268B6829003C4966 /* AppDelegate.swift in Sources */ = {isa = PBXBuildFile; fileRef = 41CBDDD6268B6829003C4966 /* AppDelegate.swift */; };
		41CBDDD9268B6829003C4966 /* SceneDelegate.swift in Sources */ = {isa = PBXBuildFile; fileRef = 41CBDDD8268B6829003C4966 /* SceneDelegate.swift */; };
		41CBDDDB268B6829003C4966 /* HomeVC.swift in Sources */ = {isa = PBXBuildFile; fileRef = 41CBDDDA268B6829003C4966 /* HomeVC.swift */; };
		41CBDDDE268B6829003C4966 /* Main.storyboard in Resources */ = {isa = PBXBuildFile; fileRef = 41CBDDDC268B6829003C4966 /* Main.storyboard */; };
		41CBDDE1268B6829003C4966 /* Encantus.xcdatamodeld in Sources */ = {isa = PBXBuildFile; fileRef = 41CBDDDF268B6829003C4966 /* Encantus.xcdatamodeld */; };
		41CBDDE3268B6829003C4966 /* Assets.xcassets in Resources */ = {isa = PBXBuildFile; fileRef = 41CBDDE2268B6829003C4966 /* Assets.xcassets */; };
		41CBDDE6268B6829003C4966 /* LaunchScreen.storyboard in Resources */ = {isa = PBXBuildFile; fileRef = 41CBDDE4268B6829003C4966 /* LaunchScreen.storyboard */; };
/* End PBXBuildFile section */

/* Begin PBXFileReference section */
		28EFC4F2CB09FE83A0A1BEF9 /* Pods-Encantus.release.xcconfig */ = {isa = PBXFileReference; includeInIndex = 1; lastKnownFileType = text.xcconfig; name = "Pods-Encantus.release.xcconfig"; path = "Target Support Files/Pods-Encantus/Pods-Encantus.release.xcconfig"; sourceTree = "<group>"; };
		4135D862268B6D2800A36CF5 /* UIView+extensions.swift */ = {isa = PBXFileReference; lastKnownFileType = sourcecode.swift; path = "UIView+extensions.swift"; sourceTree = "<group>"; };
		4156DC77268B7B7D00D83BA6 /* Song.swift */ = {isa = PBXFileReference; lastKnownFileType = sourcecode.swift; path = Song.swift; sourceTree = "<group>"; };
		4156DC7C268B7C3D00D83BA6 /* DataService.swift */ = {isa = PBXFileReference; lastKnownFileType = sourcecode.swift; path = DataService.swift; sourceTree = "<group>"; };
		4156DC7E268B877B00D83BA6 /* SidhuSon.mp3 */ = {isa = PBXFileReference; lastKnownFileType = audio.mp3; path = SidhuSon.mp3; sourceTree = "<group>"; };
		4156DC80268B881C00D83BA6 /* PlayerVC.swift */ = {isa = PBXFileReference; lastKnownFileType = sourcecode.swift; path = PlayerVC.swift; sourceTree = "<group>"; };
		4156DC82268B9CC000D83BA6 /* Regret.mp3 */ = {isa = PBXFileReference; lastKnownFileType = audio.mp3; path = Regret.mp3; sourceTree = "<group>"; };
		4156DC84268B9D8E00D83BA6 /* GradientButton.swift */ = {isa = PBXFileReference; lastKnownFileType = sourcecode.swift; path = GradientButton.swift; sourceTree = "<group>"; };
		41CBDDD3268B6829003C4966 /* Encantus.app */ = {isa = PBXFileReference; explicitFileType = wrapper.application; includeInIndex = 0; path = Encantus.app; sourceTree = BUILT_PRODUCTS_DIR; };
		41CBDDD6268B6829003C4966 /* AppDelegate.swift */ = {isa = PBXFileReference; lastKnownFileType = sourcecode.swift; path = AppDelegate.swift; sourceTree = "<group>"; };
		41CBDDD8268B6829003C4966 /* SceneDelegate.swift */ = {isa = PBXFileReference; lastKnownFileType = sourcecode.swift; path = SceneDelegate.swift; sourceTree = "<group>"; };
		41CBDDDA268B6829003C4966 /* HomeVC.swift */ = {isa = PBXFileReference; lastKnownFileType = sourcecode.swift; path = HomeVC.swift; sourceTree = "<group>"; };
		41CBDDDD268B6829003C4966 /* Base */ = {isa = PBXFileReference; lastKnownFileType = file.storyboard; name = Base; path = Base.lproj/Main.storyboard; sourceTree = "<group>"; };
		41CBDDE0268B6829003C4966 /* Encantus.xcdatamodel */ = {isa = PBXFileReference; lastKnownFileType = wrapper.xcdatamodel; path = Encantus.xcdatamodel; sourceTree = "<group>"; };
		41CBDDE2268B6829003C4966 /* Assets.xcassets */ = {isa = PBXFileReference; lastKnownFileType = folder.assetcatalog; path = Assets.xcassets; sourceTree = "<group>"; };
		41CBDDE5268B6829003C4966 /* Base */ = {isa = PBXFileReference; lastKnownFileType = file.storyboard; name = Base; path = Base.lproj/LaunchScreen.storyboard; sourceTree = "<group>"; };
		41CBDDE7268B6829003C4966 /* Info.plist */ = {isa = PBXFileReference; lastKnownFileType = text.plist.xml; path = Info.plist; sourceTree = "<group>"; };
		979D95FC325A954FDA5C6089 /* Pods_Encantus.framework */ = {isa = PBXFileReference; explicitFileType = wrapper.framework; includeInIndex = 0; path = Pods_Encantus.framework; sourceTree = BUILT_PRODUCTS_DIR; };
		A9B3584E9CF2A3AED2D72CF4 /* Pods-Encantus.debug.xcconfig */ = {isa = PBXFileReference; includeInIndex = 1; lastKnownFileType = text.xcconfig; name = "Pods-Encantus.debug.xcconfig"; path = "Target Support Files/Pods-Encantus/Pods-Encantus.debug.xcconfig"; sourceTree = "<group>"; };
/* End PBXFileReference section */

/* Begin PBXFrameworksBuildPhase section */
		41CBDDD0268B6829003C4966 /* Frameworks */ = {
			isa = PBXFrameworksBuildPhase;
			buildActionMask = 2147483647;
			files = (
				19EEA4603448987F8BEA9560 /* Pods_Encantus.framework in Frameworks */,
			);
			runOnlyForDeploymentPostprocessing = 0;
		};
/* End PBXFrameworksBuildPhase section */

/* Begin PBXGroup section */
		08E70DD33ACE50ADC616022A /* Pods */ = {
			isa = PBXGroup;
			children = (
				A9B3584E9CF2A3AED2D72CF4 /* Pods-Encantus.debug.xcconfig */,
				28EFC4F2CB09FE83A0A1BEF9 /* Pods-Encantus.release.xcconfig */,
			);
			path = Pods;
			sourceTree = "<group>";
		};
		0AFD42B0C257C378C037DC0B /* Frameworks */ = {
			isa = PBXGroup;
			children = (
				979D95FC325A954FDA5C6089 /* Pods_Encantus.framework */,
			);
			name = Frameworks;
			sourceTree = "<group>";
		};
		4135D85F268B6B9200A36CF5 /* Services */ = {
			isa = PBXGroup;
			children = (
				4156DC7E268B877B00D83BA6 /* SidhuSon.mp3 */,
				4156DC82268B9CC000D83BA6 /* Regret.mp3 */,
				41CBDDD6268B6829003C4966 /* AppDelegate.swift */,
				41CBDDD8268B6829003C4966 /* SceneDelegate.swift */,
				4135D862268B6D2800A36CF5 /* UIView+extensions.swift */,
				4156DC84268B9D8E00D83BA6 /* GradientButton.swift */,
				4156DC7C268B7C3D00D83BA6 /* DataService.swift */,
				41CBDDE7268B6829003C4966 /* Info.plist */,
				41CBDDE2268B6829003C4966 /* Assets.xcassets */,
			);
			path = Services;
			sourceTree = "<group>";
		};
		4135D860268B6BAD00A36CF5 /* Storyboards */ = {
			isa = PBXGroup;
			children = (
				41CBDDDC268B6829003C4966 /* Main.storyboard */,
				41CBDDE4268B6829003C4966 /* LaunchScreen.storyboard */,
			);
			path = Storyboards;
			sourceTree = "<group>";
		};
		4135D861268B6BBA00A36CF5 /* View Controllers */ = {
			isa = PBXGroup;
			children = (
				4156DC7A268B7B8E00D83BA6 /* Home */,
			);
			path = "View Controllers";
			sourceTree = "<group>";
		};
		4156DC79268B7B8700D83BA6 /* Services */ = {
			isa = PBXGroup;
			children = (
				4156DC77268B7B7D00D83BA6 /* Song.swift */,
			);
			path = Services;
			sourceTree = "<group>";
		};
		4156DC7A268B7B8E00D83BA6 /* Home */ = {
			isa = PBXGroup;
			children = (
				4156DC79268B7B8700D83BA6 /* Services */,
				41CBDDDA268B6829003C4966 /* HomeVC.swift */,
				4156DC80268B881C00D83BA6 /* PlayerVC.swift */,
			);
			name = Home;
			sourceTree = "<group>";
		};
		41CBDDCA268B6829003C4966 = {
			isa = PBXGroup;
			children = (
				41CBDDD5268B6829003C4966 /* Encantus */,
				41CBDDD4268B6829003C4966 /* Products */,
				08E70DD33ACE50ADC616022A /* Pods */,
				0AFD42B0C257C378C037DC0B /* Frameworks */,
			);
			sourceTree = "<group>";
		};
		41CBDDD4268B6829003C4966 /* Products */ = {
			isa = PBXGroup;
			children = (
				41CBDDD3268B6829003C4966 /* Encantus.app */,
			);
			name = Products;
			sourceTree = "<group>";
		};
		41CBDDD5268B6829003C4966 /* Encantus */ = {
			isa = PBXGroup;
			children = (
				4135D85F268B6B9200A36CF5 /* Services */,
				4135D861268B6BBA00A36CF5 /* View Controllers */,
				4135D860268B6BAD00A36CF5 /* Storyboards */,
				41CBDDDF268B6829003C4966 /* Encantus.xcdatamodeld */,
			);
			path = Encantus;
			sourceTree = "<group>";
		};
/* End PBXGroup section */

/* Begin PBXNativeTarget section */
		41CBDDD2268B6829003C4966 /* Encantus */ = {
			isa = PBXNativeTarget;
			buildConfigurationList = 41CBDDEA268B6829003C4966 /* Build configuration list for PBXNativeTarget "Encantus" */;
			buildPhases = (
				F82658927A58A386514DDB25 /* [CP] Check Pods Manifest.lock */,
				41CBDDCF268B6829003C4966 /* Sources */,
				41CBDDD0268B6829003C4966 /* Frameworks */,
				41CBDDD1268B6829003C4966 /* Resources */,
				86B6E60FD6933F0466E07681 /* [CP] Embed Pods Frameworks */,
			);
			buildRules = (
			);
			dependencies = (
			);
			name = Encantus;
			productName = Encantus;
			productReference = 41CBDDD3268B6829003C4966 /* Encantus.app */;
			productType = "com.apple.product-type.application";
		};
/* End PBXNativeTarget section */

/* Begin PBXProject section */
		41CBDDCB268B6829003C4966 /* Project object */ = {
			isa = PBXProject;
			attributes = {
				BuildIndependentTargetsInParallel = 1;
				LastSwiftUpdateCheck = 1300;
				LastUpgradeCheck = 1300;
				TargetAttributes = {
					41CBDDD2268B6829003C4966 = {
						CreatedOnToolsVersion = 13.0;
					};
				};
			};
			buildConfigurationList = 41CBDDCE268B6829003C4966 /* Build configuration list for PBXProject "Encantus" */;
			compatibilityVersion = "Xcode 12.0";
			developmentRegion = en;
			hasScannedForEncodings = 0;
			knownRegions = (
				en,
				Base,
			);
			mainGroup = 41CBDDCA268B6829003C4966;
			productRefGroup = 41CBDDD4268B6829003C4966 /* Products */;
			projectDirPath = "";
			projectRoot = "";
			targets = (
				41CBDDD2268B6829003C4966 /* Encantus */,
			);
		};
/* End PBXProject section */

/* Begin PBXResourcesBuildPhase section */
		41CBDDD1268B6829003C4966 /* Resources */ = {
			isa = PBXResourcesBuildPhase;
			buildActionMask = 2147483647;
			files = (
				4156DC7F268B877B00D83BA6 /* SidhuSon.mp3 in Resources */,
				41CBDDE6268B6829003C4966 /* LaunchScreen.storyboard in Resources */,
				41CBDDE3268B6829003C4966 /* Assets.xcassets in Resources */,
				4156DC83268B9CC000D83BA6 /* Regret.mp3 in Resources */,
				41CBDDDE268B6829003C4966 /* Main.storyboard in Resources */,
			);
			runOnlyForDeploymentPostprocessing = 0;
		};
/* End PBXResourcesBuildPhase section */

/* Begin PBXShellScriptBuildPhase section */
		86B6E60FD6933F0466E07681 /* [CP] Embed Pods Frameworks */ = {
			isa = PBXShellScriptBuildPhase;
			buildActionMask = 2147483647;
			files = (
			);
			inputFileListPaths = (
				"${PODS_ROOT}/Target Support Files/Pods-Encantus/Pods-Encantus-frameworks-${CONFIGURATION}-input-files.xcfilelist",
			);
			name = "[CP] Embed Pods Frameworks";
			outputFileListPaths = (
				"${PODS_ROOT}/Target Support Files/Pods-Encantus/Pods-Encantus-frameworks-${CONFIGURATION}-output-files.xcfilelist",
			);
			runOnlyForDeploymentPostprocessing = 0;
			shellPath = /bin/sh;
			shellScript = "\"${PODS_ROOT}/Target Support Files/Pods-Encantus/Pods-Encantus-frameworks.sh\"\n";
			showEnvVarsInLog = 0;
		};
		F82658927A58A386514DDB25 /* [CP] Check Pods Manifest.lock */ = {
			isa = PBXShellScriptBuildPhase;
			buildActionMask = 2147483647;
			files = (
			);
			inputFileListPaths = (
			);
			inputPaths = (
				"${PODS_PODFILE_DIR_PATH}/Podfile.lock",
				"${PODS_ROOT}/Manifest.lock",
			);
			name = "[CP] Check Pods Manifest.lock";
			outputFileListPaths = (
			);
			outputPaths = (
				"$(DERIVED_FILE_DIR)/Pods-Encantus-checkManifestLockResult.txt",
			);
			runOnlyForDeploymentPostprocessing = 0;
			shellPath = /bin/sh;
			shellScript = "diff \"${PODS_PODFILE_DIR_PATH}/Podfile.lock\" \"${PODS_ROOT}/Manifest.lock\" > /dev/null\nif [ $? != 0 ] ; then\n    # print error to STDERR\n    echo \"error: The sandbox is not in sync with the Podfile.lock. Run 'pod install' or update your CocoaPods installation.\" >&2\n    exit 1\nfi\n# This output is used by Xcode 'outputs' to avoid re-running this script phase.\necho \"SUCCESS\" > \"${SCRIPT_OUTPUT_FILE_0}\"\n";
			showEnvVarsInLog = 0;
		};
/* End PBXShellScriptBuildPhase section */

/* Begin PBXSourcesBuildPhase section */
		41CBDDCF268B6829003C4966 /* Sources */ = {
			isa = PBXSourcesBuildPhase;
			buildActionMask = 2147483647;
			files = (
				4156DC78268B7B7D00D83BA6 /* Song.swift in Sources */,
				4156DC7D268B7C3D00D83BA6 /* DataService.swift in Sources */,
				41CBDDDB268B6829003C4966 /* HomeVC.swift in Sources */,
				4135D863268B6D2800A36CF5 /* UIView+extensions.swift in Sources */,
				4156DC85268B9D8E00D83BA6 /* GradientButton.swift in Sources */,
				41CBDDD7268B6829003C4966 /* AppDelegate.swift in Sources */,
				41CBDDE1268B6829003C4966 /* Encantus.xcdatamodeld in Sources */,
				4156DC81268B881C00D83BA6 /* PlayerVC.swift in Sources */,
				41CBDDD9268B6829003C4966 /* SceneDelegate.swift in Sources */,
			);
			runOnlyForDeploymentPostprocessing = 0;
		};
/* End PBXSourcesBuildPhase section */

/* Begin PBXVariantGroup section */
		41CBDDDC268B6829003C4966 /* Main.storyboard */ = {
			isa = PBXVariantGroup;
			children = (
				41CBDDDD268B6829003C4966 /* Base */,
			);
			name = Main.storyboard;
			sourceTree = "<group>";
		};
		41CBDDE4268B6829003C4966 /* LaunchScreen.storyboard */ = {
			isa = PBXVariantGroup;
			children = (
				41CBDDE5268B6829003C4966 /* Base */,
			);
			name = LaunchScreen.storyboard;
			sourceTree = "<group>";
		};
/* End PBXVariantGroup section */

/* Begin XCBuildConfiguration section */
		41CBDDE8268B6829003C4966 /* Debug */ = {
			isa = XCBuildConfiguration;
			buildSettings = {
				ALWAYS_SEARCH_USER_PATHS = NO;
				CLANG_ANALYZER_NONNULL = YES;
				CLANG_ANALYZER_NUMBER_OBJECT_CONVERSION = YES_AGGRESSIVE;
				CLANG_CXX_LANGUAGE_STANDARD = "gnu++14";
				CLANG_CXX_LIBRARY = "libc++";
				CLANG_ENABLE_MODULES = YES;
				CLANG_ENABLE_OBJC_ARC = YES;
				CLANG_ENABLE_OBJC_WEAK = YES;
				CLANG_WARN_BLOCK_CAPTURE_AUTORELEASING = YES;
				CLANG_WARN_BOOL_CONVERSION = YES;
				CLANG_WARN_COMMA = YES;
				CLANG_WARN_CONSTANT_CONVERSION = YES;
				CLANG_WARN_DEPRECATED_OBJC_IMPLEMENTATIONS = YES;
				CLANG_WARN_DIRECT_OBJC_ISA_USAGE = YES_ERROR;
				CLANG_WARN_DOCUMENTATION_COMMENTS = YES;
				CLANG_WARN_EMPTY_BODY = YES;
				CLANG_WARN_ENUM_CONVERSION = YES;
				CLANG_WARN_INFINITE_RECURSION = YES;
				CLANG_WARN_INT_CONVERSION = YES;
				CLANG_WARN_NON_LITERAL_NULL_CONVERSION = YES;
				CLANG_WARN_OBJC_IMPLICIT_RETAIN_SELF = YES;
				CLANG_WARN_OBJC_LITERAL_CONVERSION = YES;
				CLANG_WARN_OBJC_ROOT_CLASS = YES_ERROR;
				CLANG_WARN_QUOTED_INCLUDE_IN_FRAMEWORK_HEADER = YES;
				CLANG_WARN_RANGE_LOOP_ANALYSIS = YES;
				CLANG_WARN_STRICT_PROTOTYPES = YES;
				CLANG_WARN_SUSPICIOUS_MOVE = YES;
				CLANG_WARN_UNGUARDED_AVAILABILITY = YES_AGGRESSIVE;
				CLANG_WARN_UNREACHABLE_CODE = YES;
				CLANG_WARN__DUPLICATE_METHOD_MATCH = YES;
				COPY_PHASE_STRIP = NO;
				DEBUG_INFORMATION_FORMAT = dwarf;
				ENABLE_STRICT_OBJC_MSGSEND = YES;
				ENABLE_TESTABILITY = YES;
				GCC_C_LANGUAGE_STANDARD = gnu11;
				GCC_DYNAMIC_NO_PIC = NO;
				GCC_NO_COMMON_BLOCKS = YES;
				GCC_OPTIMIZATION_LEVEL = 0;
				GCC_PREPROCESSOR_DEFINITIONS = (
					"DEBUG=1",
					"$(inherited)",
				);
				GCC_WARN_64_TO_32_BIT_CONVERSION = YES;
				GCC_WARN_ABOUT_RETURN_TYPE = YES_ERROR;
				GCC_WARN_UNDECLARED_SELECTOR = YES;
				GCC_WARN_UNINITIALIZED_AUTOS = YES_AGGRESSIVE;
				GCC_WARN_UNUSED_FUNCTION = YES;
				GCC_WARN_UNUSED_VARIABLE = YES;
				IPHONEOS_DEPLOYMENT_TARGET = 15.0;
				MTL_ENABLE_DEBUG_INFO = INCLUDE_SOURCE;
				MTL_FAST_MATH = YES;
				ONLY_ACTIVE_ARCH = YES;
				SDKROOT = iphoneos;
				SWIFT_ACTIVE_COMPILATION_CONDITIONS = DEBUG;
				SWIFT_OPTIMIZATION_LEVEL = "-Onone";
			};
			name = Debug;
		};
		41CBDDE9268B6829003C4966 /* Release */ = {
			isa = XCBuildConfiguration;
			buildSettings = {
				ALWAYS_SEARCH_USER_PATHS = NO;
				CLANG_ANALYZER_NONNULL = YES;
				CLANG_ANALYZER_NUMBER_OBJECT_CONVERSION = YES_AGGRESSIVE;
				CLANG_CXX_LANGUAGE_STANDARD = "gnu++14";
				CLANG_CXX_LIBRARY = "libc++";
				CLANG_ENABLE_MODULES = YES;
				CLANG_ENABLE_OBJC_ARC = YES;
				CLANG_ENABLE_OBJC_WEAK = YES;
				CLANG_WARN_BLOCK_CAPTURE_AUTORELEASING = YES;
				CLANG_WARN_BOOL_CONVERSION = YES;
				CLANG_WARN_COMMA = YES;
				CLANG_WARN_CONSTANT_CONVERSION = YES;
				CLANG_WARN_DEPRECATED_OBJC_IMPLEMENTATIONS = YES;
				CLANG_WARN_DIRECT_OBJC_ISA_USAGE = YES_ERROR;
				CLANG_WARN_DOCUMENTATION_COMMENTS = YES;
				CLANG_WARN_EMPTY_BODY = YES;
				CLANG_WARN_ENUM_CONVERSION = YES;
				CLANG_WARN_INFINITE_RECURSION = YES;
				CLANG_WARN_INT_CONVERSION = YES;
				CLANG_WARN_NON_LITERAL_NULL_CONVERSION = YES;
				CLANG_WARN_OBJC_IMPLICIT_RETAIN_SELF = YES;
				CLANG_WARN_OBJC_LITERAL_CONVERSION = YES;
				CLANG_WARN_OBJC_ROOT_CLASS = YES_ERROR;
				CLANG_WARN_QUOTED_INCLUDE_IN_FRAMEWORK_HEADER = YES;
				CLANG_WARN_RANGE_LOOP_ANALYSIS = YES;
				CLANG_WARN_STRICT_PROTOTYPES = YES;
				CLANG_WARN_SUSPICIOUS_MOVE = YES;
				CLANG_WARN_UNGUARDED_AVAILABILITY = YES_AGGRESSIVE;
				CLANG_WARN_UNREACHABLE_CODE = YES;
				CLANG_WARN__DUPLICATE_METHOD_MATCH = YES;
				COPY_PHASE_STRIP = NO;
				DEBUG_INFORMATION_FORMAT = "dwarf-with-dsym";
				ENABLE_NS_ASSERTIONS = NO;
				ENABLE_STRICT_OBJC_MSGSEND = YES;
				GCC_C_LANGUAGE_STANDARD = gnu11;
				GCC_NO_COMMON_BLOCKS = YES;
				GCC_WARN_64_TO_32_BIT_CONVERSION = YES;
				GCC_WARN_ABOUT_RETURN_TYPE = YES_ERROR;
				GCC_WARN_UNDECLARED_SELECTOR = YES;
				GCC_WARN_UNINITIALIZED_AUTOS = YES_AGGRESSIVE;
				GCC_WARN_UNUSED_FUNCTION = YES;
				GCC_WARN_UNUSED_VARIABLE = YES;
				IPHONEOS_DEPLOYMENT_TARGET = 15.0;
				MTL_ENABLE_DEBUG_INFO = NO;
				MTL_FAST_MATH = YES;
				SDKROOT = iphoneos;
				SWIFT_COMPILATION_MODE = wholemodule;
				SWIFT_OPTIMIZATION_LEVEL = "-O";
				VALIDATE_PRODUCT = YES;
			};
			name = Release;
		};
		41CBDDEB268B6829003C4966 /* Debug */ = {
			isa = XCBuildConfiguration;
			baseConfigurationReference = A9B3584E9CF2A3AED2D72CF4 /* Pods-Encantus.debug.xcconfig */;
			buildSettings = {
				ASSETCATALOG_COMPILER_APPICON_NAME = AppIcon;
				ASSETCATALOG_COMPILER_GLOBAL_ACCENT_COLOR_NAME = AccentColor;
				CODE_SIGN_STYLE = Automatic;
				CURRENT_PROJECT_VERSION = 1;
				DEVELOPMENT_TEAM = JL7UZ93S3L;
				GENERATE_INFOPLIST_FILE = YES;
				INFOPLIST_FILE = Encantus/Services/Info.plist;
				INFOPLIST_KEY_CFBundleExecutable = Encantus;
				INFOPLIST_KEY_CFBundleName = Encantus;
				INFOPLIST_KEY_CFBundleVersion = 1;
				INFOPLIST_KEY_UIApplicationSupportsIndirectInputEvents = YES;
				INFOPLIST_KEY_UILaunchStoryboardName = LaunchScreen;
				INFOPLIST_KEY_UIMainStoryboardFile = Main;
				INFOPLIST_KEY_UISupportedInterfaceOrientations_iPad = "UIInterfaceOrientationPortrait UIInterfaceOrientationPortraitUpsideDown UIInterfaceOrientationLandscapeLeft UIInterfaceOrientationLandscapeRight";
				INFOPLIST_KEY_UISupportedInterfaceOrientations_iPhone = "UIInterfaceOrientationPortrait UIInterfaceOrientationLandscapeLeft UIInterfaceOrientationLandscapeRight";
				LD_RUNPATH_SEARCH_PATHS = (
					"$(inherited)",
					"@executable_path/Frameworks",
				);
				MARKETING_VERSION = 1.0;
				PRODUCT_BUNDLE_IDENTIFIER = tdc.Encantus;
				PRODUCT_NAME = "$(TARGET_NAME)";
				SWIFT_EMIT_LOC_STRINGS = YES;
				SWIFT_VERSION = 5.0;
				TARGETED_DEVICE_FAMILY = 1;
			};
			name = Debug;
		};
		41CBDDEC268B6829003C4966 /* Release */ = {
			isa = XCBuildConfiguration;
			baseConfigurationReference = 28EFC4F2CB09FE83A0A1BEF9 /* Pods-Encantus.release.xcconfig */;
			buildSettings = {
				ASSETCATALOG_COMPILER_APPICON_NAME = AppIcon;
				ASSETCATALOG_COMPILER_GLOBAL_ACCENT_COLOR_NAME = AccentColor;
				CODE_SIGN_STYLE = Automatic;
				CURRENT_PROJECT_VERSION = 1;
				DEVELOPMENT_TEAM = JL7UZ93S3L;
				GENERATE_INFOPLIST_FILE = YES;
				INFOPLIST_FILE = Encantus/Services/Info.plist;
				INFOPLIST_KEY_CFBundleExecutable = Encantus;
				INFOPLIST_KEY_CFBundleName = Encantus;
				INFOPLIST_KEY_CFBundleVersion = 1;
				INFOPLIST_KEY_UIApplicationSupportsIndirectInputEvents = YES;
				INFOPLIST_KEY_UILaunchStoryboardName = LaunchScreen;
				INFOPLIST_KEY_UIMainStoryboardFile = Main;
				INFOPLIST_KEY_UISupportedInterfaceOrientations_iPad = "UIInterfaceOrientationPortrait UIInterfaceOrientationPortraitUpsideDown UIInterfaceOrientationLandscapeLeft UIInterfaceOrientationLandscapeRight";
				INFOPLIST_KEY_UISupportedInterfaceOrientations_iPhone = "UIInterfaceOrientationPortrait UIInterfaceOrientationLandscapeLeft UIInterfaceOrientationLandscapeRight";
				LD_RUNPATH_SEARCH_PATHS = (
					"$(inherited)",
					"@executable_path/Frameworks",
				);
				MARKETING_VERSION = 1.0;
				PRODUCT_BUNDLE_IDENTIFIER = tdc.Encantus;
				PRODUCT_NAME = "$(TARGET_NAME)";
				SWIFT_EMIT_LOC_STRINGS = YES;
				SWIFT_VERSION = 5.0;
				TARGETED_DEVICE_FAMILY = 1;
			};
			name = Release;
		};
/* End XCBuildConfiguration section */

/* Begin XCConfigurationList section */
		41CBDDCE268B6829003C4966 /* Build configuration list for PBXProject "Encantus" */ = {
			isa = XCConfigurationList;
			buildConfigurations = (
				41CBDDE8268B6829003C4966 /* Debug */,
				41CBDDE9268B6829003C4966 /* Release */,
			);
			defaultConfigurationIsVisible = 0;
			defaultConfigurationName = Release;
		};
		41CBDDEA268B6829003C4966 /* Build configuration list for PBXNativeTarget "Encantus" */ = {
			isa = XCConfigurationList;
			buildConfigurations = (
				41CBDDEB268B6829003C4966 /* Debug */,
				41CBDDEC268B6829003C4966 /* Release */,
			);
			defaultConfigurationIsVisible = 0;
			defaultConfigurationName = Release;
		};
/* End XCConfigurationList section */

/* Begin XCVersionGroup section */
		41CBDDDF268B6829003C4966 /* Encantus.xcdatamodeld */ = {
			isa = XCVersionGroup;
			children = (
				41CBDDE0268B6829003C4966 /* Encantus.xcdatamodel */,
			);
			currentVersion = 41CBDDE0268B6829003C4966 /* Encantus.xcdatamodel */;
			path = Encantus.xcdatamodeld;
			sourceTree = "<group>";
			versionGroupType = wrapper.xcdatamodel;
		};
/* End XCVersionGroup section */
	};
	rootObject = 41CBDDCB268B6829003C4966 /* Project object */;
}
